
Microsoft Visual Studio Solution File, Format Version 12.00
# Visual Studio Version 17
VisualStudioVersion = 17.3.32929.385
MinimumVisualStudioVersion = 10.0.40219.1
Project("{FAE04EC0-301F-11D3-BF4B-00C04F79EFBC}") = "PrimeNum", "CommonNum\PrimeNum.csproj", "{92392BC5-F9EB-46D3-BF07-7E9CEF30300F}"
EndProject
Global
	GlobalSection(SolutionConfigurationPlatforms) = preSolution
		Debug|Any CPU = Debug|Any CPU
		Release|Any CPU = Release|Any CPU
	EndGlobalSection
	GlobalSection(ProjectConfigurationPlatforms) = postSolution
		{92392BC5-F9EB-46D3-BF07-7E9CEF30300F}.Debug|Any CPU.ActiveCfg = Debug|Any CPU
		{92392BC5-F9EB-46D3-BF07-7E9CEF30300F}.Debug|Any CPU.Build.0 = Debug|Any CPU
		{92392BC5-F9EB-46D3-BF07-7E9CEF30300F}.Release|Any CPU.ActiveCfg = Release|Any CPU
		{92392BC5-F9EB-46D3-BF07-7E9CEF30300F}.Release|Any CPU.Build.0 = Release|Any CPU
	EndGlobalSection
	GlobalSection(SolutionProperties) = preSolution
		HideSolutionNode = FALSE
	EndGlobalSection
	GlobalSection(ExtensibilityGlobals) = postSolution
		SolutionGuid = {E5EE1042-FD16-4E82-A3AC-0F240136553D}
	EndGlobalSection
EndGlobal
